
Microsoft Visual Studio Solution File, Format Version 12.00
# Visual Studio 2013
VisualStudioVersion = 12.0.31101.0
MinimumVisualStudioVersion = 10.0.40219.1
Project("{FAE04EC0-301F-11D3-BF4B-00C04F79EFBC}") = "WAP_Aula06", "WAP_Aula05\WAP_Aula06.csproj", "{D38FA46C-9753-49F3-9C94-15EC743EED7C}"
EndProject
Global
	GlobalSection(SolutionConfigurationPlatforms) = preSolution
		Debug|Any CPU = Debug|Any CPU
		Release|Any CPU = Release|Any CPU
	EndGlobalSection
	GlobalSection(ProjectConfigurationPlatforms) = postSolution
		{D38FA46C-9753-49F3-9C94-15EC743EED7C}.Debug|Any CPU.ActiveCfg = Debug|Any CPU
		{D38FA46C-9753-49F3-9C94-15EC743EED7C}.Debug|Any CPU.Build.0 = Debug|Any CPU
		{D38FA46C-9753-49F3-9C94-15EC743EED7C}.Release|Any CPU.ActiveCfg = Release|Any CPU
		{D38FA46C-9753-49F3-9C94-15EC743EED7C}.Release|Any CPU.Build.0 = Release|Any CPU
	EndGlobalSection
	GlobalSection(SolutionProperties) = preSolution
		HideSolutionNode = FALSE
	EndGlobalSection
EndGlobal
